# THIS IS AN AUTOGENERATED FILE. DO NOT EDIT THIS FILE DIRECTLY.
# yarn lockfile v1


bootstrap-datepicker@~1.6.4:
  version "1.6.4"
  resolved "https://registry.yarnpkg.com/bootstrap-datepicker/-/bootstrap-datepicker-1.6.4.tgz#889ebeced8eaa2ff15ec1f273e4b07531cc43da0"
  integrity sha512-dPEUbP2JlWGHJWJEWfBIyFFR+iMgERj/bZR1oHqlaCRke2oILljMMFrlMZrgdpZigj5Ly9TdZzCNuYz4hRJ+7A==
  dependencies:
    jquery ">=1.7.1"

jquery@>=1.7.1, jquery@~3.7.0:
  version "3.7.0"
  resolved "https://registry.yarnpkg.com/jquery/-/jquery-3.7.0.tgz#fe2c01a05da500709006d8790fe21c8a39d75612"
  integrity sha512-umpJ0/k8X0MvD1ds0P9SfowREz2LenHsQaxSohMZ5OMNEU2r0tf8pdeEFTHMFxWVxKNyU9rTtK3CWzUCTKJUeQ==

leaflet-spin@~1.1.0:
  version "1.1.2"
  resolved "https://registry.yarnpkg.com/leaflet-spin/-/leaflet-spin-1.1.2.tgz#d77f93d9a6ce70a62f33bc367b1e16e8356d22b2"
  integrity sha512-OLpeDrrAv1YY8NVSnOP0YfICFFm+IFauL77erXH87ZiTIXl3aPwUJXOd336DrQCe4aFsY+F3oG/1+aXyjqKV2w==
  dependencies:
    spin.js "^2.3.1"

leaflet@~1.0.3:
  version "1.0.3"
  resolved "https://registry.yarnpkg.com/leaflet/-/leaflet-1.0.3.tgz#1f401b98b45c8192134c6c8d69686253805007c8"
  integrity sha512-MzG53cU+K9ZdX/Wl4o+/6nyx6Ej/ec7MuMRd/VdAxuT8nltdRTE6ekl+QjavwcXN+SSC3jL2PK+Wn4T/ooWibA==

select2@~4.0.3:
  version "4.0.13"
  resolved "https://registry.yarnpkg.com/select2/-/select2-4.0.13.tgz#0dbe377df3f96167c4c1626033e924372d8ef44d"
  integrity sha512-1JeB87s6oN/TDxQQYCvS5EFoQyvV6eYMZZ0AeA4tdFDYWN3BAGZ8npr17UBFddU0lgAt3H0yjX3X6/ekOj1yjw==

spin.js@^2.3.1:
  version "2.3.2"
  resolved "https://registry.yarnpkg.com/spin.js/-/spin.js-2.3.2.tgz#6caa56d520673450fd5cfbc6971e6d0772c37a1a"
  integrity sha512-ryhCvKCRa6J5Fxa7Y+fnhE2a+e05JwfW5dxO82zPd0uDM9o+qp8p74BJUurjiqCqmDsWNvGOAxfqdD317XIedg==
